{
	"archiveVersion": "1",
	"classes": {},
	"objectVersion": "54",
	"objects": {
		"01D1DDC1-08B8-409A-BCBB-FE6F39FE2059": {
			"explicitFileType": "sourcecode.cpp.cpp",
			"fileEncoding": "4",
			"isa": "PBXFileReference",
			"name": "ofxInputField.cpp",
			"path": "../../../addons/ofxGui/src/ofxInputField.cpp",
			"sourceTree": "SOURCE_ROOT"
		},
		"01DE8340-B1D6-49D3-A1CD-3CCEE13EFF4B": {
			"explicitFileType": "sourcecode.cpp.cpp",
			"fileEncoding": "4",
			"isa": "PBXFileReference",
			"name": "ofxOscBundle.cpp",
			"path": "../../../addons/ofxOsc/src/ofxOscBundle.cpp",
			"sourceTree": "SOURCE_ROOT"
		},
		"0988E930-3732-43C4-A458-66017819F82C": {
			"explicitFileType": "sourcecode.cpp.cpp",
			"fileEncoding": "4",
			"isa": "PBXFileReference",
			"name": "IpEndpointName.cpp",
			"path": "../../../addons/ofxOsc/libs/oscpack/src/ip/IpEndpointName.cpp",
			"sourceTree": "SOURCE_ROOT"
		},
		"09E3C97F-8A40-4883-87C8-E6174B712AB9": {
			"explicitFileType": "sourcecode.c.h",
			"fileEncoding": "4",
			"isa": "PBXFileReference",
			"name": "ofxGuiUtils.h",
			"path": "../../../addons/ofxGui/src/ofxGuiUtils.h",
			"sourceTree": "SOURCE_ROOT"
		},
		"0A8B9432-4626-4728-9940-5E75EC773388": {
			"explicitFileType": "sourcecode.cpp.cpp",
			"fileEncoding": "4",
			"isa": "PBXFileReference",
			"name": "ofxColorPicker.cpp",
			"path": "../../../addons/ofxGui/src/ofxColorPicker.cpp",
			"sourceTree": "SOURCE_ROOT"
		},
		"0C1A8704-0681-4A7A-8063-EA607E40BDEC": {
			"explicitFileType": "sourcecode.c.h",
			"fileEncoding": "4",
			"isa": "PBXFileReference",
			"name": "ofxGui.h",
			"path": "../../../addons/ofxGui/src/ofxGui.h",
			"sourceTree": "SOURCE_ROOT"
		},
		"0D9251A5-B5D7-4364-9DE0-8692D8F87AA4": {
			"explicitFileType": "sourcecode.c.h",
			"fileEncoding": "4",
			"isa": "PBXFileReference",
			"name": "OscReceivedElements.h",
			"path": "../../../addons/ofxOsc/libs/oscpack/src/osc/OscReceivedElements.h",
			"sourceTree": "SOURCE_ROOT"
		},
		"13C3BFA4-6574-4B57-8AE7-6BABC0E9C04F": {
			"explicitFileType": "sourcecode.c.h",
			"fileEncoding": "4",
			"isa": "PBXFileReference",
			"name": "OscOutboundPacketStream.h",
			"path": "../../../addons/ofxOsc/libs/oscpack/src/osc/OscOutboundPacketStream.h",
			"sourceTree": "SOURCE_ROOT"
		},
		"1730BC40-B3D6-4F09-B325-91813BE4F828": {
			"explicitFileType": "sourcecode.cpp.cpp",
			"fileEncoding": "4",
			"isa": "PBXFileReference",
			"name": "ofxLabel.cpp",
			"path": "../../../addons/ofxGui/src/ofxLabel.cpp",
			"sourceTree": "SOURCE_ROOT"
		},
		"17439F02-99EE-4299-81B3-1819CEBAC191": {
			"explicitFileType": "sourcecode.c.h",
			"fileEncoding": "4",
			"isa": "PBXFileReference",
			"name": "ofxOscMessage.h",
			"path": "../../../addons/ofxOsc/src/ofxOscMessage.h",
			"sourceTree": "SOURCE_ROOT"
		},
		"17DF74FC-E878-406F-AEFD-146374AC382F": {
			"explicitFileType": "sourcecode.cpp.cpp",
			"fileEncoding": "4",
			"isa": "PBXFileReference",
			"name": "ofxPanel.cpp",
			"path": "../../../addons/ofxGui/src/ofxPanel.cpp",
			"sourceTree": "SOURCE_ROOT"
		},
		"18126997-3DFF-4BE8-8E54-4B11BD16A574": {
			"explicitFileType": "sourcecode.c.h",
			"fileEncoding": "4",
			"isa": "PBXFileReference",
			"name": "IpEndpointName.h",
			"path": "../../../addons/ofxOsc/libs/oscpack/src/ip/IpEndpointName.h",
			"sourceTree": "SOURCE_ROOT"
		},
		"1900B281-5587-47FC-B0F7-CE52F0B3BC47": {
			"explicitFileType": "sourcecode.c.h",
			"fileEncoding": "4",
			"isa": "PBXFileReference",
			"name": "ofxOscParameterSync.h",
			"path": "../../../addons/ofxOsc/src/ofxOscParameterSync.h",
			"sourceTree": "SOURCE_ROOT"
		},
		"191CD6FA2847E21E0085CBB6": {
			"fileEncoding": "4",
			"isa": "PBXFileReference",
			"lastKnownFileType": "text.plist.entitlements",
			"path": "of.entitlements",
			"sourceTree": "<group>"
		},
		"191EF70929D778A400F35F26": {
			"isa": "PBXFileReference",
			"lastKnownFileType": "folder",
			"name": "openFrameworks",
			"path": "../../../libs/openFrameworks",
			"sourceTree": "SOURCE_ROOT"
		},
		"19B789C429E5AB4A0082E9B8": {
			"buildActionMask": "2147483647",
			"files": [],
			"inputFileListPaths": [],
			"inputPaths": [],
			"isa": "PBXShellScriptBuildPhase",
			"outputFileListPaths": [],
			"outputPaths": [],
			"runOnlyForDeploymentPostprocessing": "0",
			"shellPath": "/bin/sh",
			"shellScript": "\"$OF_PATH/scripts/osx/xcode_project.sh\"\n",
			"showEnvVarsInLog": "0"
		},
		"1DF0CD3F-F391-4BA4-933C-B5BDB4076D1C": {
			"explicitFileType": "sourcecode.cpp.cpp",
			"fileEncoding": "4",
			"isa": "PBXFileReference",
			"name": "ofxOscParameterSync.cpp",
			"path": "../../../addons/ofxOsc/src/ofxOscParameterSync.cpp",
			"sourceTree": "SOURCE_ROOT"
		},
		"1F584899-EEF3-4D4C-AA08-6BE32C2528C7": {
			"fileRef": "0988E930-3732-43C4-A458-66017819F82C",
			"isa": "PBXBuildFile"
		},
		"24EC3484-E797-44B2-9C0B-CB30A08C6D1F": {
			"explicitFileType": "sourcecode.c.h",
			"fileEncoding": "4",
			"isa": "PBXFileReference",
			"name": "MessageMappingOscPacketListener.h",
			"path": "../../../addons/ofxOsc/libs/oscpack/src/osc/MessageMappingOscPacketListener.h",
			"sourceTree": "SOURCE_ROOT"
		},
		"25F0C353-93C0-4ACF-AD24-23A041F8A312": {
			"explicitFileType": "sourcecode.c.h",
			"fileEncoding": "4",
			"isa": "PBXFileReference",
			"name": "ofxOscReceiver.h",
			"path": "../../../addons/ofxOsc/src/ofxOscReceiver.h",
			"sourceTree": "SOURCE_ROOT"
		},
		"266CC43E-23A1-42F9-9CD4-FCC260D7EA95": {
			"explicitFileType": "sourcecode.cpp.cpp",
			"fileEncoding": "4",
			"isa": "PBXFileReference",
			"name": "ofxBaseGui.cpp",
			"path": "../../../addons/ofxGui/src/ofxBaseGui.cpp",
			"sourceTree": "SOURCE_ROOT"
		},
		"2882CFF6-B1FB-41D2-9934-DB1A635A310F": {
			"fileRef": "DEA00572-B37B-4F72-86C0-BA5624718CD3",
			"isa": "PBXBuildFile"
		},
		"28F77699-D969-4C00-8D6B-06ABAE77A2AB": {
			"explicitFileType": "sourcecode.cpp.cpp",
			"fileEncoding": "4",
			"isa": "PBXFileReference",
			"name": "OscTypes.cpp",
			"path": "../../../addons/ofxOsc/libs/oscpack/src/osc/OscTypes.cpp",
			"sourceTree": "SOURCE_ROOT"
		},
		"2EC0E853-B287-4D54-AAF8-CDFFF8E65375": {
			"children": [
				"0988E930-3732-43C4-A458-66017819F82C",
				"18126997-3DFF-4BE8-8E54-4B11BD16A574",
				"A844FFF3-E421-4379-832E-70E8E02CA385",
				"67DC8114-AD05-496C-91CC-02F586A3F376",
				"5C4BDD22-E73C-45AA-B1C6-D4C8F28CB7C9",
				"90E704AD-F127-4B05-94DB-417C326CAB29",
				"AAA8F7FC-BBF6-4CFD-BD6B-6CFE2C0A574D"
			],
			"isa": "PBXGroup",
			"name": "ip",
			"path": "../../../addons/ofxOsc/libs/oscpack/src/ip",
			"sourceTree": "SOURCE_ROOT"
		},
		"30E27197-6F23-4F58-AB30-966D69C8EA8B": {
			"explicitFileType": "sourcecode.cpp.cpp",
			"fileEncoding": "4",
			"isa": "PBXFileReference",
			"name": "ofxOscReceiver.cpp",
			"path": "../../../addons/ofxOsc/src/ofxOscReceiver.cpp",
			"sourceTree": "SOURCE_ROOT"
		},
		"32B8D22C-EB19-4876-A1A3-171D6D145035": {
			"explicitFileType": "sourcecode.c.h",
			"fileEncoding": "4",
			"isa": "PBXFileReference",
			"name": "ofxGuiGroup.h",
			"path": "../../../addons/ofxGui/src/ofxGuiGroup.h",
			"sourceTree": "SOURCE_ROOT"
		},
		"360C5344-A337-4B5E-94A6-0455B64C06FC": {
			"explicitFileType": "sourcecode.cpp.cpp",
			"fileEncoding": "4",
			"isa": "PBXFileReference",
			"name": "NetworkingUtils.cpp",
			"path": "../../../addons/ofxOsc/libs/oscpack/src/ip/posix/NetworkingUtils.cpp",
			"sourceTree": "SOURCE_ROOT"
		},
		"36AF63FD-1F6A-4F6F-838B-2B16E26568F1": {
			"explicitFileType": "sourcecode.c.h",
			"fileEncoding": "4",
			"isa": "PBXFileReference",
			"name": "ofxOscBundle.h",
			"path": "../../../addons/ofxOsc/src/ofxOscBundle.h",
			"sourceTree": "SOURCE_ROOT"
		},
		"3A212460-28BF-44EE-87E2-23C431D6C63B": {
			"explicitFileType": "sourcecode.c.h",
			"fileEncoding": "4",
			"isa": "PBXFileReference",
			"name": "ofxBaseGui.h",
			"path": "../../../addons/ofxGui/src/ofxBaseGui.h",
			"sourceTree": "SOURCE_ROOT"
		},
		"3ABAA090-47C6-4DA1-B4DB-CB4DF39FA256": {
			"explicitFileType": "sourcecode.cpp.cpp",
			"fileEncoding": "4",
			"isa": "PBXFileReference",
			"name": "ofxGuiGroup.cpp",
			"path": "../../../addons/ofxGui/src/ofxGuiGroup.cpp",
			"sourceTree": "SOURCE_ROOT"
		},
		"3AD4CB70-8765-4CE4-836E-20F3EB6CB5B4": {
			"explicitFileType": "sourcecode.cpp.cpp",
			"fileEncoding": "4",
			"isa": "PBXFileReference",
			"name": "ofxToggle.cpp",
			"path": "../../../addons/ofxGui/src/ofxToggle.cpp",
			"sourceTree": "SOURCE_ROOT"
		},
		"3CD9DC20-1D82-4F29-9495-3494CEFED540": {
			"children": [
				"E9150832-BCF1-4AEC-A86F-9D199D81D216",
				"BA582F1B-98F9-4ACE-896C-6D59DB7C3567",
				"01DE8340-B1D6-49D3-A1CD-3CCEE13EFF4B",
				"36AF63FD-1F6A-4F6F-838B-2B16E26568F1",
				"89FF3FDE-989F-41FC-964E-305BB7C3C45E",
				"17439F02-99EE-4299-81B3-1819CEBAC191",
				"1DF0CD3F-F391-4BA4-933C-B5BDB4076D1C",
				"1900B281-5587-47FC-B0F7-CE52F0B3BC47",
				"30E27197-6F23-4F58-AB30-966D69C8EA8B",
				"25F0C353-93C0-4ACF-AD24-23A041F8A312",
				"ABC6F81F-6279-43FA-8D06-C6A4B0CEDFC1",
				"AE298615-4D4C-459E-B327-6CB2CE4C24E8"
			],
			"isa": "PBXGroup",
			"name": "src",
			"path": "../../../addons/ofxOsc/src",
			"sourceTree": "SOURCE_ROOT"
		},
		"3DFF9920-7F13-40D2-BE63-0782D3F261D4": {
			"explicitFileType": "sourcecode.cpp.cpp",
			"fileEncoding": "4",
			"isa": "PBXFileReference",
			"name": "ofxSliderGroup.cpp",
			"path": "../../../addons/ofxGui/src/ofxSliderGroup.cpp",
			"sourceTree": "SOURCE_ROOT"
		},
		"4191BF3B-49D7-49C2-BC87-6927DFD2BF8B": {
			"explicitFileType": "sourcecode.c.h",
			"fileEncoding": "4",
			"isa": "PBXFileReference",
			"name": "ofxColorPicker.h",
			"path": "../../../addons/ofxGui/src/ofxColorPicker.h",
			"sourceTree": "SOURCE_ROOT"
		},
		"41FE3C18-46A1-4167-BF68-F45DA3AECBD5": {
			"explicitFileType": "sourcecode.cpp.cpp",
			"fileEncoding": "4",
			"isa": "PBXFileReference",
			"name": "ofxSlider.cpp",
			"path": "../../../addons/ofxGui/src/ofxSlider.cpp",
			"sourceTree": "SOURCE_ROOT"
		},
		"4717EBF4-72ED-4E11-B9D9-FAC894DB8ED0": {
			"explicitFileType": "sourcecode.cpp.cpp",
			"fileEncoding": "4",
			"isa": "PBXFileReference",
			"name": "OscPrintReceivedElements.cpp",
			"path": "../../../addons/ofxOsc/libs/oscpack/src/osc/OscPrintReceivedElements.cpp",
			"sourceTree": "SOURCE_ROOT"
		},
		"49CBD6CD-CEDE-4466-885F-E479124C2D74": {
			"explicitFileType": "sourcecode.c.h",
			"fileEncoding": "4",
			"isa": "PBXFileReference",
			"name": "OscPrintReceivedElements.h",
			"path": "../../../addons/ofxOsc/libs/oscpack/src/osc/OscPrintReceivedElements.h",
			"sourceTree": "SOURCE_ROOT"
		},
		"59B227B3-3B36-47DF-AA04-8B2102FF128D": {
			"fileRef": "01DE8340-B1D6-49D3-A1CD-3CCEE13EFF4B",
			"isa": "PBXBuildFile"
		},
		"5C4BDD22-E73C-45AA-B1C6-D4C8F28CB7C9": {
			"explicitFileType": "sourcecode.c.h",
			"fileEncoding": "4",
			"isa": "PBXFileReference",
			"name": "TimerListener.h",
			"path": "../../../addons/ofxOsc/libs/oscpack/src/ip/TimerListener.h",
			"sourceTree": "SOURCE_ROOT"
		},
		"5D013157-AA76-4A8D-962D-E3EBFA46CBD7": {
			"fileRef": "ABC6F81F-6279-43FA-8D06-C6A4B0CEDFC1",
			"isa": "PBXBuildFile"
		},
		"61A6308B-22B9-4F74-9369-71996DA04BC6": {
			"children": [
				"F75B8318-20C9-4844-8041-5202647DE460"
			],
			"isa": "PBXGroup",
			"name": "ofxGui",
			"path": "../../../addons/ofxGui",
			"sourceTree": "SOURCE_ROOT"
		},
		"6453A1A7-4F9D-47C8-AEED-5DA25705332E": {
			"fileRef": "266CC43E-23A1-42F9-9CD4-FCC260D7EA95",
			"isa": "PBXBuildFile"
		},
		"64E6F52D-E492-45F0-AF83-927EF23FA31C": {
			"fileRef": "FF235752-C855-493D-8DF6-A0FAA402F879",
			"isa": "PBXBuildFile"
		},
		"67DC8114-AD05-496C-91CC-02F586A3F376": {
			"explicitFileType": "sourcecode.c.h",
			"fileEncoding": "4",
			"isa": "PBXFileReference",
			"name": "PacketListener.h",
			"path": "../../../addons/ofxOsc/libs/oscpack/src/ip/PacketListener.h",
			"sourceTree": "SOURCE_ROOT"
		},
		"6DB56B15-F98C-42CC-A338-81BB2C987FEE": {
			"fileRef": "1730BC40-B3D6-4F09-B325-91813BE4F828",
			"isa": "PBXBuildFile"
		},
		"6E497567-11BA-4971-B1D6-009F49E46B5C": {
			"fileRef": "B935954F-79C6-48D2-829B-4FBC4E63209A",
			"isa": "PBXBuildFile"
		},
		"6FB15B73-A69C-4E1F-AD8F-7991DAB41B66": {
			"children": [
				"729908B9-EC5E-4F90-A5FA-95B53B7C0028",
				"3CD9DC20-1D82-4F29-9495-3494CEFED540"
			],
			"isa": "PBXGroup",
			"name": "ofxOsc",
			"path": "../../../addons/ofxOsc",
			"sourceTree": "SOURCE_ROOT"
		},
		"729908B9-EC5E-4F90-A5FA-95B53B7C0028": {
			"children": [
				"C6F9CE76-0F08-40A7-9676-3AB794946312"
			],
			"isa": "PBXGroup",
			"name": "libs",
			"path": "../../../addons/ofxOsc/libs",
			"sourceTree": "SOURCE_ROOT"
		},
		"78299C65-A413-4BEF-B42E-5FFAD52CF392": {
			"explicitFileType": "sourcecode.c.h",
			"fileEncoding": "4",
			"isa": "PBXFileReference",
			"name": "ofxToggle.h",
			"path": "../../../addons/ofxGui/src/ofxToggle.h",
			"sourceTree": "SOURCE_ROOT"
		},
		"7B1B7522-9F84-4BDF-B160-F1F85A05274E": {
			"fileRef": "360C5344-A337-4B5E-94A6-0455B64C06FC",
			"isa": "PBXBuildFile"
		},
		"7E038296-E592-4C47-B5E4-A5F167DA0F38": {
			"fileRef": "3AD4CB70-8765-4CE4-836E-20F3EB6CB5B4",
			"isa": "PBXBuildFile"
		},
		"7F5FB1CC-A11E-437F-A2EA-E0404F9206EA": {
			"explicitFileType": "sourcecode.c.h",
			"fileEncoding": "4",
			"isa": "PBXFileReference",
			"name": "OscPacketListener.h",
			"path": "../../../addons/ofxOsc/libs/oscpack/src/osc/OscPacketListener.h",
			"sourceTree": "SOURCE_ROOT"
		},
		"83B91D54-D548-4580-827C-D8B5287DBC4A": {
			"fileRef": "17DF74FC-E878-406F-AEFD-146374AC382F",
			"isa": "PBXBuildFile"
		},
		"8567E6AB-22BD-4027-B506-DDBB45F5F24E": {
			"explicitFileType": "sourcecode.c.h",
			"fileEncoding": "4",
			"isa": "PBXFileReference",
			"name": "OscTypes.h",
			"path": "../../../addons/ofxOsc/libs/oscpack/src/osc/OscTypes.h",
			"sourceTree": "SOURCE_ROOT"
		},
		"8621AEBD-1DDF-492F-B678-D81070842079": {
			"fileRef": "41FE3C18-46A1-4167-BF68-F45DA3AECBD5",
			"isa": "PBXBuildFile"
		},
		"89FF3FDE-989F-41FC-964E-305BB7C3C45E": {
			"explicitFileType": "sourcecode.cpp.cpp",
			"fileEncoding": "4",
			"isa": "PBXFileReference",
			"name": "ofxOscMessage.cpp",
			"path": "../../../addons/ofxOsc/src/ofxOscMessage.cpp",
			"sourceTree": "SOURCE_ROOT"
		},
		"8F722BA4-0621-4B7A-ABDD-B6F6C752BE7B": {
			"explicitFileType": "sourcecode.c.h",
			"fileEncoding": "4",
			"isa": "PBXFileReference",
			"name": "ofxInputField.h",
			"path": "../../../addons/ofxGui/src/ofxInputField.h",
			"sourceTree": "SOURCE_ROOT"
		},
		"8F7261B8-63D5-4DBB-9ABB-D97ABBEF3EBC": {
			"explicitFileType": "sourcecode.c.h",
			"fileEncoding": "4",
			"isa": "PBXFileReference",
			"name": "ofxLabel.h",
			"path": "../../../addons/ofxGui/src/ofxLabel.h",
			"sourceTree": "SOURCE_ROOT"
		},
		"90E704AD-F127-4B05-94DB-417C326CAB29": {
			"explicitFileType": "sourcecode.c.h",
			"fileEncoding": "4",
			"isa": "PBXFileReference",
			"name": "UdpSocket.h",
			"path": "../../../addons/ofxOsc/libs/oscpack/src/ip/UdpSocket.h",
			"sourceTree": "SOURCE_ROOT"
		},
		"92064EF0-15B5-40FD-BA7B-22AE066799DB": {
			"children": [
				"24EC3484-E797-44B2-9C0B-CB30A08C6D1F",
				"C62CB336-B8B1-4A24-B7DC-4D5662B17626",
				"D1488821-D2DB-4536-AF12-0A50E5868266",
				"EA8F309A-4807-4CB1-B66D-5995EFF485FC",
				"13C3BFA4-6574-4B57-8AE7-6BABC0E9C04F",
				"7F5FB1CC-A11E-437F-A2EA-E0404F9206EA",
				"4717EBF4-72ED-4E11-B9D9-FAC894DB8ED0",
				"49CBD6CD-CEDE-4466-885F-E479124C2D74",
				"DEA00572-B37B-4F72-86C0-BA5624718CD3",
				"0D9251A5-B5D7-4364-9DE0-8692D8F87AA4",
				"28F77699-D969-4C00-8D6B-06ABAE77A2AB",
				"8567E6AB-22BD-4027-B506-DDBB45F5F24E"
			],
			"isa": "PBXGroup",
			"name": "osc",
			"path": "../../../addons/ofxOsc/libs/oscpack/src/osc",
			"sourceTree": "SOURCE_ROOT"
		},
		"96C190B8-3A95-47FF-A793-50BC271D3B1D": {
			"children": [
				"FEAEE20E-49F7-4445-B9C4-52BE5610C647"
			],
			"isa": "PBXGroup",
			"name": "ofxCurve",
			"path": "../../../addons/ofxCurve",
			"sourceTree": "SOURCE_ROOT"
		},
		"9AED3AFC-D1BE-4C90-A464-D03216153197": {
			"explicitFileType": "sourcecode.c.h",
			"fileEncoding": "4",
			"isa": "PBXFileReference",
			"name": "ofxPanel.h",
			"path": "../../../addons/ofxGui/src/ofxPanel.h",
			"sourceTree": "SOURCE_ROOT"
		},
		"9B3842AF-756F-4680-B5C1-DD9EC23BC315": {
			"fileRef": "E53F9EB6-7403-4650-B6A6-6BCB34DC1E1B",
			"isa": "PBXBuildFile"
		},
		"9C9DCD98-69B4-4AE0-8B4F-662DF3FAB98A": {
			"fileRef": "EA8F309A-4807-4CB1-B66D-5995EFF485FC",
			"isa": "PBXBuildFile"
		},
		"A82E0C4B-1291-4DF9-8CAF-B45094A0A4DB": {
			"fileRef": "89FF3FDE-989F-41FC-964E-305BB7C3C45E",
			"isa": "PBXBuildFile"
		},
		"A844FFF3-E421-4379-832E-70E8E02CA385": {
			"explicitFileType": "sourcecode.c.h",
			"fileEncoding": "4",
			"isa": "PBXFileReference",
			"name": "NetworkingUtils.h",
			"path": "../../../addons/ofxOsc/libs/oscpack/src/ip/NetworkingUtils.h",
			"sourceTree": "SOURCE_ROOT"
		},
		"AA85575F-7F77-42E9-9EC4-AE5C933FC6F7": {
			"fileRef": "30E27197-6F23-4F58-AB30-966D69C8EA8B",
			"isa": "PBXBuildFile"
		},
		"AAA8F7FC-BBF6-4CFD-BD6B-6CFE2C0A574D": {
			"children": [
				"360C5344-A337-4B5E-94A6-0455B64C06FC",
				"E53F9EB6-7403-4650-B6A6-6BCB34DC1E1B"
			],
			"isa": "PBXGroup",
			"name": "posix",
			"path": "../../../addons/ofxOsc/libs/oscpack/src/ip/posix",
			"sourceTree": "SOURCE_ROOT"
		},
		"AADC67C5-D639-45EC-8628-153C00A116B1": {
			"explicitFileType": "sourcecode.c.h",
			"fileEncoding": "4",
			"isa": "PBXFileReference",
			"name": "ofxButton.h",
			"path": "../../../addons/ofxGui/src/ofxButton.h",
			"sourceTree": "SOURCE_ROOT"
		},
		"ABC6F81F-6279-43FA-8D06-C6A4B0CEDFC1": {
			"explicitFileType": "sourcecode.cpp.cpp",
			"fileEncoding": "4",
			"isa": "PBXFileReference",
			"name": "ofxOscSender.cpp",
			"path": "../../../addons/ofxOsc/src/ofxOscSender.cpp",
			"sourceTree": "SOURCE_ROOT"
		},
		"AC7FED1E-5EA9-4EBE-A8A6-C75D62886F60": {
			"fileRef": "28F77699-D969-4C00-8D6B-06ABAE77A2AB",
			"isa": "PBXBuildFile"
		},
		"AE298615-4D4C-459E-B327-6CB2CE4C24E8": {
			"explicitFileType": "sourcecode.c.h",
			"fileEncoding": "4",
			"isa": "PBXFileReference",
			"name": "ofxOscSender.h",
			"path": "../../../addons/ofxOsc/src/ofxOscSender.h",
			"sourceTree": "SOURCE_ROOT"
		},
		"B22E76C6-F64E-4FE9-9609-89B39EB82DD4": {
			"explicitFileType": "sourcecode.c.h",
			"fileEncoding": "4",
			"isa": "PBXFileReference",
			"name": "ofxCurve.h",
			"path": "../../../addons/ofxCurve/src/ofxCurve.h",
			"sourceTree": "SOURCE_ROOT"
		},
		"B4DDEA0F-DE73-48A3-8813-700502C9F107": {
			"children": [
				"2EC0E853-B287-4D54-AAF8-CDFFF8E65375",
				"92064EF0-15B5-40FD-BA7B-22AE066799DB"
			],
			"isa": "PBXGroup",
			"name": "src",
			"path": "../../../addons/ofxOsc/libs/oscpack/src",
			"sourceTree": "SOURCE_ROOT"
		},
		"B935954F-79C6-48D2-829B-4FBC4E63209A": {
			"explicitFileType": "sourcecode.cpp.cpp",
			"fileEncoding": "4",
			"isa": "PBXFileReference",
			"name": "ofxCurve.cpp",
			"path": "../../../addons/ofxCurve/src/ofxCurve.cpp",
			"sourceTree": "SOURCE_ROOT"
		},
		"BA582F1B-98F9-4ACE-896C-6D59DB7C3567": {
			"explicitFileType": "sourcecode.c.h",
			"fileEncoding": "4",
			"isa": "PBXFileReference",
			"name": "ofxOscArg.h",
			"path": "../../../addons/ofxOsc/src/ofxOscArg.h",
			"sourceTree": "SOURCE_ROOT"
		},
		"BB4B014C10F69532006C3DED": {
			"children": [
				"96C190B8-3A95-47FF-A793-50BC271D3B1D",
				"61A6308B-22B9-4F74-9369-71996DA04BC6",
				"6FB15B73-A69C-4E1F-AD8F-7991DAB41B66"
			],
			"isa": "PBXGroup",
			"name": "addons",
			"path": "../../../addons",
			"sourceTree": "<group>"
		},
		"BEF83E3F-0F67-4545-8B72-96F37149386F": {
			"fileRef": "3DFF9920-7F13-40D2-BE63-0782D3F261D4",
			"isa": "PBXBuildFile"
		},
		"C26EEACF-54D2-4417-B68D-73D02601F70A": {
			"fileRef": "0A8B9432-4626-4728-9940-5E75EC773388",
			"isa": "PBXBuildFile"
		},
		"C62CB336-B8B1-4A24-B7DC-4D5662B17626": {
			"explicitFileType": "sourcecode.c.h",
			"fileEncoding": "4",
			"isa": "PBXFileReference",
			"name": "OscException.h",
			"path": "../../../addons/ofxOsc/libs/oscpack/src/osc/OscException.h",
			"sourceTree": "SOURCE_ROOT"
		},
		"C6F9CE76-0F08-40A7-9676-3AB794946312": {
			"children": [
				"B4DDEA0F-DE73-48A3-8813-700502C9F107"
			],
			"isa": "PBXGroup",
			"name": "oscpack",
			"path": "../../../addons/ofxOsc/libs/oscpack",
			"sourceTree": "SOURCE_ROOT"
		},
		"D1488821-D2DB-4536-AF12-0A50E5868266": {
			"explicitFileType": "sourcecode.c.h",
			"fileEncoding": "4",
			"isa": "PBXFileReference",
			"name": "OscHostEndianness.h",
			"path": "../../../addons/ofxOsc/libs/oscpack/src/osc/OscHostEndianness.h",
			"sourceTree": "SOURCE_ROOT"
		},
		"D4F6747D-D908-4DC2-A007-D25417B88555": {
			"fileRef": "01D1DDC1-08B8-409A-BCBB-FE6F39FE2059",
			"isa": "PBXBuildFile"
		},
		"DA548225-5311-4927-A100-6F35E11B566F": {
			"fileRef": "1DF0CD3F-F391-4BA4-933C-B5BDB4076D1C",
			"isa": "PBXBuildFile"
		},
		"DEA00572-B37B-4F72-86C0-BA5624718CD3": {
			"explicitFileType": "sourcecode.cpp.cpp",
			"fileEncoding": "4",
			"isa": "PBXFileReference",
			"name": "OscReceivedElements.cpp",
			"path": "../../../addons/ofxOsc/libs/oscpack/src/osc/OscReceivedElements.cpp",
			"sourceTree": "SOURCE_ROOT"
		},
		"E1EA266A-E809-4057-8C99-9EE11239C60C": {
			"explicitFileType": "sourcecode.c.h",
			"fileEncoding": "4",
			"isa": "PBXFileReference",
			"name": "ofxSlider.h",
			"path": "../../../addons/ofxGui/src/ofxSlider.h",
			"sourceTree": "SOURCE_ROOT"
		},
		"E42962A92163ECCD00A6A9E2": {
			"alwaysOutOfDate": "1",
			"buildActionMask": "2147483647",
			"files": [],
			"inputPaths": [],
			"isa": "PBXShellScriptBuildPhase",
			"name": "Run Script — Compile OF",
			"outputPaths": [],
			"runOnlyForDeploymentPostprocessing": "0",
			"shellPath": "/bin/sh",
			"shellScript": "echo \"💾 Compiling Openframeworks\"\nxcodebuild -project \"$OF_PATH/libs/openFrameworksCompiled/project/osx/openFrameworksLib.xcodeproj\" -target openFrameworks -configuration \"${CONFIGURATION}\"  CLANG_CXX_LANGUAGE_STANDARD=$CLANG_CXX_LANGUAGE_STANDARD MACOSX_DEPLOYMENT_TARGET=$MACOSX_DEPLOYMENT_TARGET GCC_PREPROCESSOR_DEFINITIONS=$USER_PREPROCESSOR_DEFINITIONS\n",
			"showEnvVarsInLog": "0"
		},
		"E4A5B60F29BAAAE400C2D356": {
			"buildActionMask": "2147483647",
			"dstPath": "",
			"dstSubfolderSpec": "6",
			"files": [],
			"isa": "PBXCopyFilesBuildPhase",
			"runOnlyForDeploymentPostprocessing": "0"
		},
		"E4B69B4A0A3A1720003C02F2": {
			"children": [
				"191CD6FA2847E21E0085CBB6",
				"E4B6FCAD0C3E899E008CF71C",
				"E4EB6923138AFD0F00A09F29",
				"E4B69E1C0A3A1BDC003C02F2",
				"191EF70929D778A400F35F26",
				"BB4B014C10F69532006C3DED",
				"E4B69B5B0A3A1756003C02F2"
			],
			"isa": "PBXGroup",
			"sourceTree": "<group>"
		},
		"E4B69B4C0A3A1720003C02F2": {
			"attributes": {
				"LastUpgradeCheck": "0600"
			},
			"buildConfigurationList": "E4B69B4D0A3A1720003C02F2",
			"compatibilityVersion": "Xcode 3.2",
			"developmentRegion": "en",
			"hasScannedForEncodings": "0",
			"isa": "PBXProject",
			"knownRegions": [
				"en",
				"Base"
			],
			"mainGroup": "E4B69B4A0A3A1720003C02F2",
			"productRefGroup": "E4B69B4A0A3A1720003C02F2",
			"projectDirPath": "",
			"projectRoot": "",
			"targets": [
				"E4B69B5A0A3A1756003C02F2"
			]
		},
		"E4B69B4D0A3A1720003C02F2": {
			"buildConfigurations": [
				"E4B69B4E0A3A1720003C02F2",
				"E4B69B4F0A3A1720003C02F2"
			],
			"defaultConfigurationIsVisible": "0",
			"defaultConfigurationName": "Release",
			"isa": "XCConfigurationList"
		},
		"E4B69B4E0A3A1720003C02F2": {
			"baseConfigurationReference": "E4EB6923138AFD0F00A09F29",
			"buildSettings": {
				"CODE_SIGN_ENTITLEMENTS": "of.entitlements",
				"COPY_PHASE_STRIP": "NO",
				"ENABLE_TESTABILITY": "YES",
				"GCC_OPTIMIZATION_LEVEL": "0",
				"GCC_WARN_UNUSED_VARIABLE": "NO",
				"HEADER_SEARCH_PATHS": [
					"$(OF_CORE_HEADERS)",
					"src"
				],
				"OTHER_CPLUSPLUSFLAGS": "-D__MACOSX_CORE__"
			},
			"isa": "XCBuildConfiguration",
			"name": "Debug"
		},
		"E4B69B4F0A3A1720003C02F2": {
			"baseConfigurationReference": "E4EB6923138AFD0F00A09F29",
			"buildSettings": {
				"CODE_SIGN_ENTITLEMENTS": "of.entitlements",
				"COPY_PHASE_STRIP": "YES",
				"GCC_OPTIMIZATION_LEVEL": "3",
				"GCC_UNROLL_LOOPS": "YES",
				"HEADER_SEARCH_PATHS": [
					"$(OF_CORE_HEADERS)",
					"src"
				],
				"OTHER_CPLUSPLUSFLAGS": "-D__MACOSX_CORE__"
			},
			"isa": "XCBuildConfiguration",
			"name": "Release"
		},
		"E4B69B580A3A1756003C02F2": {
			"buildActionMask": "2147483647",
			"files": [
				"E4B69E200A3A1BDC003C02F2",
				"E4B69E210A3A1BDC003C02F2",
				"6E497567-11BA-4971-B1D6-009F49E46B5C",
				"6453A1A7-4F9D-47C8-AEED-5DA25705332E",
				"64E6F52D-E492-45F0-AF83-927EF23FA31C",
				"C26EEACF-54D2-4417-B68D-73D02601F70A",
				"E85B0A0E-0A04-4CAC-B77B-C1FCC85C7789",
				"D4F6747D-D908-4DC2-A007-D25417B88555",
				"6DB56B15-F98C-42CC-A338-81BB2C987FEE",
				"83B91D54-D548-4580-827C-D8B5287DBC4A",
				"8621AEBD-1DDF-492F-B678-D81070842079",
				"BEF83E3F-0F67-4545-8B72-96F37149386F",
				"7E038296-E592-4C47-B5E4-A5F167DA0F38",
				"1F584899-EEF3-4D4C-AA08-6BE32C2528C7",
				"7B1B7522-9F84-4BDF-B160-F1F85A05274E",
				"9B3842AF-756F-4680-B5C1-DD9EC23BC315",
				"9C9DCD98-69B4-4AE0-8B4F-662DF3FAB98A",
				"F1A64010-A2AA-4420-8E1B-197C4C0D3C5B",
				"2882CFF6-B1FB-41D2-9934-DB1A635A310F",
				"AC7FED1E-5EA9-4EBE-A8A6-C75D62886F60",
				"59B227B3-3B36-47DF-AA04-8B2102FF128D",
				"A82E0C4B-1291-4DF9-8CAF-B45094A0A4DB",
				"DA548225-5311-4927-A100-6F35E11B566F",
				"AA85575F-7F77-42E9-9EC4-AE5C933FC6F7",
				"5D013157-AA76-4A8D-962D-E3EBFA46CBD7"
			],
			"isa": "PBXSourcesBuildPhase",
			"runOnlyForDeploymentPostprocessing": "0"
		},
		"E4B69B590A3A1756003C02F2": {
			"buildActionMask": "2147483647",
			"files": [],
			"isa": "PBXFrameworksBuildPhase",
			"runOnlyForDeploymentPostprocessing": "0"
		},
		"E4B69B5A0A3A1756003C02F2": {
			"buildConfigurationList": "E4B69B5F0A3A1757003C02F2",
			"buildPhases": [
				"E42962A92163ECCD00A6A9E2",
				"E4B69B580A3A1756003C02F2",
				"E4B69B590A3A1756003C02F2",
				"E4C2427710CC5ABF004149E2",
				"E4A5B60F29BAAAE400C2D356",
				"19B789C429E5AB4A0082E9B8"
			],
			"buildRules": [],
			"dependencies": [],
			"isa": "PBXNativeTarget",
			"name": "COM_OSC",
			"productName": "myOFApp",
			"productReference": "E4B69B5B0A3A1756003C02F2",
			"productType": "com.apple.product-type.application"
		},
		"E4B69B5B0A3A1756003C02F2": {
			"explicitFileType": "wrapper.application",
			"includeInIndex": "0",
			"isa": "PBXFileReference",
			"path": "COM_OSCDebug.app",
			"sourceTree": "BUILT_PRODUCTS_DIR"
		},
		"E4B69B5F0A3A1757003C02F2": {
			"buildConfigurations": [
				"E4B69B600A3A1757003C02F2",
				"E4B69B610A3A1757003C02F2"
			],
			"defaultConfigurationIsVisible": "0",
			"defaultConfigurationName": "Release",
			"isa": "XCConfigurationList"
		},
		"E4B69B600A3A1757003C02F2": {
			"baseConfigurationReference": "E4EB6923138AFD0F00A09F29",
			"buildSettings": {
				"ARCHS": "$(ARCHS_STANDARD)",
				"COPY_PHASE_STRIP": "NO",
				"FRAMEWORK_SEARCH_PATHS": "$(inherited)",
				"GCC_DYNAMIC_NO_PIC": "NO",
				"HEADER_SEARCH_PATHS": [
					"$(OF_CORE_HEADERS)",
					"src",
					"src",
					"../../../addons/ofxCurve/src",
					"../../../addons/ofxGui/src",
					"../../../addons/ofxOsc/libs",
					"../../../addons/ofxOsc/libs/oscpack",
					"../../../addons/ofxOsc/libs/oscpack/src",
					"../../../addons/ofxOsc/libs/oscpack/src/ip",
					"../../../addons/ofxOsc/libs/oscpack/src/ip/posix",
					"../../../addons/ofxOsc/libs/oscpack/src/osc",
					"../../../addons/ofxOsc/src"
				],
				"LIBRARY_SEARCH_PATHS": "$(inherited)",
				"OTHER_LDFLAGS": [
					"$(OF_CORE_LIBS)",
					"$(OF_CORE_FRAMEWORKS)",
					"$(LIB_OF_DEBUG)"
				]
			},
			"isa": "XCBuildConfiguration",
			"name": "Debug"
		},
		"E4B69B610A3A1757003C02F2": {
			"baseConfigurationReference": "E4EB6923138AFD0F00A09F29",
			"buildSettings": {
				"ARCHS": "$(ARCHS_STANDARD)",
				"COPY_PHASE_STRIP": "YES",
				"FRAMEWORK_SEARCH_PATHS": "$(inherited)",
				"HEADER_SEARCH_PATHS": [
					"$(OF_CORE_HEADERS)",
					"src",
					"src",
					"../../../addons/ofxCurve/src",
					"../../../addons/ofxGui/src",
					"../../../addons/ofxOsc/libs",
					"../../../addons/ofxOsc/libs/oscpack",
					"../../../addons/ofxOsc/libs/oscpack/src",
					"../../../addons/ofxOsc/libs/oscpack/src/ip",
					"../../../addons/ofxOsc/libs/oscpack/src/ip/posix",
					"../../../addons/ofxOsc/libs/oscpack/src/osc",
					"../../../addons/ofxOsc/src"
				],
				"LIBRARY_SEARCH_PATHS": "$(inherited)",
				"OTHER_LDFLAGS": [
					"$(OF_CORE_LIBS)",
					"$(OF_CORE_FRAMEWORKS)",
					"$(LIB_OF)"
				],
				"baseConfigurationReference": "E4EB6923138AFD0F00A09F29"
			},
			"isa": "XCBuildConfiguration",
			"name": "Release"
		},
		"E4B69E1C0A3A1BDC003C02F2": {
			"children": [
				"E4B69E1D0A3A1BDC003C02F2",
				"E4B69E1E0A3A1BDC003C02F2",
				"E4B69E1F0A3A1BDC003C02F2"
			],
			"isa": "PBXGroup",
			"path": "src",
			"sourceTree": "SOURCE_ROOT"
		},
		"E4B69E1D0A3A1BDC003C02F2": {
			"fileEncoding": "4",
			"isa": "PBXFileReference",
			"lastKnownFileType": "sourcecode.cpp.cpp",
			"name": "main.cpp",
			"path": "src/main.cpp",
			"sourceTree": "SOURCE_ROOT"
		},
		"E4B69E1E0A3A1BDC003C02F2": {
			"explicitFileType": "sourcecode.cpp.cpp",
			"fileEncoding": "4",
			"isa": "PBXFileReference",
			"name": "ofApp.cpp",
			"path": "src/ofApp.cpp",
			"sourceTree": "SOURCE_ROOT"
		},
		"E4B69E1F0A3A1BDC003C02F2": {
			"fileEncoding": "4",
			"isa": "PBXFileReference",
			"lastKnownFileType": "sourcecode.c.h",
			"name": "ofApp.h",
			"path": "src/ofApp.h",
			"sourceTree": "SOURCE_ROOT"
		},
		"E4B69E200A3A1BDC003C02F2": {
			"fileRef": "E4B69E1D0A3A1BDC003C02F2",
			"isa": "PBXBuildFile"
		},
		"E4B69E210A3A1BDC003C02F2": {
			"fileRef": "E4B69E1E0A3A1BDC003C02F2",
			"isa": "PBXBuildFile"
		},
		"E4B6FCAD0C3E899E008CF71C": {
			"fileEncoding": "4",
			"isa": "PBXFileReference",
			"lastKnownFileType": "text.plist.xml",
			"path": "openFrameworks-Info.plist",
			"sourceTree": "<group>"
		},
		"E4C2427710CC5ABF004149E2": {
			"buildActionMask": "2147483647",
			"dstPath": "",
			"dstSubfolderSpec": "10",
			"files": [],
			"isa": "PBXCopyFilesBuildPhase",
			"runOnlyForDeploymentPostprocessing": "0"
		},
		"E4EB6923138AFD0F00A09F29": {
			"fileEncoding": "4",
			"isa": "PBXFileReference",
			"lastKnownFileType": "text.xcconfig",
			"path": "Project.xcconfig",
			"sourceTree": "<group>"
		},
		"E53F9EB6-7403-4650-B6A6-6BCB34DC1E1B": {
			"explicitFileType": "sourcecode.cpp.cpp",
			"fileEncoding": "4",
			"isa": "PBXFileReference",
			"name": "UdpSocket.cpp",
			"path": "../../../addons/ofxOsc/libs/oscpack/src/ip/posix/UdpSocket.cpp",
			"sourceTree": "SOURCE_ROOT"
		},
		"E85B0A0E-0A04-4CAC-B77B-C1FCC85C7789": {
			"fileRef": "3ABAA090-47C6-4DA1-B4DB-CB4DF39FA256",
			"isa": "PBXBuildFile"
		},
		"E9150832-BCF1-4AEC-A86F-9D199D81D216": {
			"explicitFileType": "sourcecode.c.h",
			"fileEncoding": "4",
			"isa": "PBXFileReference",
			"name": "ofxOsc.h",
			"path": "../../../addons/ofxOsc/src/ofxOsc.h",
			"sourceTree": "SOURCE_ROOT"
		},
		"EA8F309A-4807-4CB1-B66D-5995EFF485FC": {
			"explicitFileType": "sourcecode.cpp.cpp",
			"fileEncoding": "4",
			"isa": "PBXFileReference",
			"name": "OscOutboundPacketStream.cpp",
			"path": "../../../addons/ofxOsc/libs/oscpack/src/osc/OscOutboundPacketStream.cpp",
			"sourceTree": "SOURCE_ROOT"
		},
		"F1A64010-A2AA-4420-8E1B-197C4C0D3C5B": {
			"fileRef": "4717EBF4-72ED-4E11-B9D9-FAC894DB8ED0",
			"isa": "PBXBuildFile"
		},
		"F75B8318-20C9-4844-8041-5202647DE460": {
			"children": [
				"266CC43E-23A1-42F9-9CD4-FCC260D7EA95",
				"3A212460-28BF-44EE-87E2-23C431D6C63B",
				"FF235752-C855-493D-8DF6-A0FAA402F879",
				"AADC67C5-D639-45EC-8628-153C00A116B1",
				"0A8B9432-4626-4728-9940-5E75EC773388",
				"4191BF3B-49D7-49C2-BC87-6927DFD2BF8B",
				"0C1A8704-0681-4A7A-8063-EA607E40BDEC",
				"3ABAA090-47C6-4DA1-B4DB-CB4DF39FA256",
				"32B8D22C-EB19-4876-A1A3-171D6D145035",
				"09E3C97F-8A40-4883-87C8-E6174B712AB9",
				"01D1DDC1-08B8-409A-BCBB-FE6F39FE2059",
				"8F722BA4-0621-4B7A-ABDD-B6F6C752BE7B",
				"1730BC40-B3D6-4F09-B325-91813BE4F828",
				"8F7261B8-63D5-4DBB-9ABB-D97ABBEF3EBC",
				"17DF74FC-E878-406F-AEFD-146374AC382F",
				"9AED3AFC-D1BE-4C90-A464-D03216153197",
				"41FE3C18-46A1-4167-BF68-F45DA3AECBD5",
				"E1EA266A-E809-4057-8C99-9EE11239C60C",
				"3DFF9920-7F13-40D2-BE63-0782D3F261D4",
				"F9115853-BE6C-469D-BAAA-9D30BAD0B94E",
				"3AD4CB70-8765-4CE4-836E-20F3EB6CB5B4",
				"78299C65-A413-4BEF-B42E-5FFAD52CF392"
			],
			"isa": "PBXGroup",
			"name": "src",
			"path": "../../../addons/ofxGui/src",
			"sourceTree": "SOURCE_ROOT"
		},
		"F9115853-BE6C-469D-BAAA-9D30BAD0B94E": {
			"explicitFileType": "sourcecode.c.h",
			"fileEncoding": "4",
			"isa": "PBXFileReference",
			"name": "ofxSliderGroup.h",
			"path": "../../../addons/ofxGui/src/ofxSliderGroup.h",
			"sourceTree": "SOURCE_ROOT"
		},
		"FEAEE20E-49F7-4445-B9C4-52BE5610C647": {
			"children": [
				"B935954F-79C6-48D2-829B-4FBC4E63209A",
				"B22E76C6-F64E-4FE9-9609-89B39EB82DD4"
			],
			"isa": "PBXGroup",
			"name": "src",
			"path": "../../../addons/ofxCurve/src",
			"sourceTree": "SOURCE_ROOT"
		},
		"FF235752-C855-493D-8DF6-A0FAA402F879": {
			"explicitFileType": "sourcecode.cpp.cpp",
			"fileEncoding": "4",
			"isa": "PBXFileReference",
			"name": "ofxButton.cpp",
			"path": "../../../addons/ofxGui/src/ofxButton.cpp",
			"sourceTree": "SOURCE_ROOT"
		}
	},
	"openFrameworksProjectGeneratorVersion": "21",
	"rootObject": "E4B69B4C0A3A1720003C02F2"
}